
Microsoft Visual Studio Solution File, Format Version 12.00
# Visual Studio Version 16
VisualStudioVersion = 16.0.32413.511
MinimumVisualStudioVersion = 10.0.40219.1
Project("{FAE04EC0-301F-11D3-BF4B-00C04F79EFBC}") = "RealEstateLease", "RealEstateLease\RealEstateLease.csproj", "{46821590-5F4F-449B-B7C3-456C3F000DB2}"
EndProject
Global
	GlobalSection(SolutionConfigurationPlatforms) = preSolution
		Debug|Any CPU = Debug|Any CPU
		Release|Any CPU = Release|Any CPU
	EndGlobalSection
	GlobalSection(ProjectConfigurationPlatforms) = postSolution
		{46821590-5F4F-449B-B7C3-456C3F000DB2}.Debug|Any CPU.ActiveCfg = Debug|Any CPU
		{46821590-5F4F-449B-B7C3-456C3F000DB2}.Debug|Any CPU.Build.0 = Debug|Any CPU
		{46821590-5F4F-449B-B7C3-456C3F000DB2}.Release|Any CPU.ActiveCfg = Release|Any CPU
		{46821590-5F4F-449B-B7C3-456C3F000DB2}.Release|Any CPU.Build.0 = Release|Any CPU
	EndGlobalSection
	GlobalSection(SolutionProperties) = preSolution
		HideSolutionNode = FALSE
	EndGlobalSection
	GlobalSection(ExtensibilityGlobals) = postSolution
		SolutionGuid = {3EF2A23C-DA12-4A22-A07A-700B5D52CCF3}
	EndGlobalSection
EndGlobal
